{
  "name": "jsbi-compat",
  "version": "1.0.1",
  "lockfileVersion": 3,
  "requires": true,
  "packages": {
    "": {
      "name": "jsbi-compat",
      "version": "1.0.1",
      "license": "MIT",
      "dependencies": {
        "char-code-at": "*",
        "clz32": "*",
        "imul": "*",
        "jsbi": "*",
        "max-safe-integer": "*",
        "setprototypeof": "*"
      },
      "devDependencies": {
        "@types/mocha": "*",
        "@types/node": "*",
        "jsbi-tests": "*",
        "mock-require-lazy": "*"
      },
      "engines": {
        "node": ">=0.8"
      }
    },
    "node_modules/@types/mocha": {
      "version": "10.0.10",
      "dev": true,
      "license": "MIT"
    },
    "node_modules/@types/node": {
      "version": "24.9.1",
      "dev": true,
      "license": "MIT",
      "dependencies": {
        "undici-types": "~7.16.0"
      }
    },
    "node_modules/char-code-at": {
      "version": "0.0.1",
      "license": "MIT",
      "dependencies": {
        "@types/node": "^11.13.8",
        "commander": "^2.20.0"
      },
      "bin": {
        "char-code-at": "lib/char-code-at.js"
      }
    },
    "node_modules/char-code-at/node_modules/@types/node": {
      "version": "11.15.54",
      "license": "MIT"
    },
    "node_modules/clz32": {
      "version": "1.0.1",
      "license": "MIT",
      "engines": {
        "node": ">=0.10.0"
      }
    },
    "node_modules/commander": {
      "version": "2.20.3",
      "license": "MIT"
    },
    "node_modules/get-caller-file": {
      "version": "2.0.5",
      "dev": true,
      "license": "ISC",
      "engines": {
        "node": "6.* || 8.* || >= 10.*"
      }
    },
    "node_modules/imul": {
      "version": "1.0.1",
      "license": "MIT",
      "engines": {
        "node": ">=0.10.0"
      }
    },
    "node_modules/jsbi": {
      "version": "4.3.2",
      "license": "Apache-2.0"
    },
    "node_modules/jsbi-tests": {
      "version": "3.1.2",
      "dev": true,
      "license": "Apache-2.0"
    },
    "node_modules/max-safe-integer": {
      "version": "1.0.1",
      "license": "MIT",
      "engines": {
        "node": ">=0.10.0"
      }
    },
    "node_modules/mock-require-lazy": {
      "version": "2.0.4",
      "dev": true,
      "license": "MIT",
      "dependencies": {
        "get-caller-file": "*",
        "normalize-path": "*"
      },
      "engines": {
        "node": ">=0.8"
      }
    },
    "node_modules/normalize-path": {
      "version": "3.0.0",
      "dev": true,
      "license": "MIT",
      "engines": {
        "node": ">=0.10.0"
      }
    },
    "node_modules/setprototypeof": {
      "version": "1.2.0",
      "license": "ISC"
    },
    "node_modules/undici-types": {
      "version": "7.16.0",
      "dev": true,
      "license": "MIT"
    }
  }
}
