{
  "name": "jsbi-compat",
  "version": "1.0.0",
  "lockfileVersion": 3,
  "requires": true,
  "packages": {
    "": {
      "name": "jsbi-compat",
      "version": "1.0.0",
      "license": "MIT",
      "dependencies": {
        "char-code-at": "*",
        "clz32": "*",
        "imul": "*",
        "jsbi": "*",
        "max-safe-integer": "*",
        "setprototypeof": "*"
      },
      "devDependencies": {
        "@types/mocha": "*",
        "@types/node": "*",
        "jsbi-tests": "*",
        "mock-require-lazy": "*"
      },
      "engines": {
        "node": ">=0.8"
      }
    },
    "node_modules/@types/mocha": {
      "version": "10.0.10",
      "resolved": "https://registry.npmjs.org/@types/mocha/-/mocha-10.0.10.tgz",
      "integrity": "sha512-xPyYSz1cMPnJQhl0CLMH68j3gprKZaTjG3s5Vi+fDgx+uhG9NOXwbVt52eFS8ECyXhyKcjDLCBEqBExKuiZb7Q==",
      "dev": true,
      "license": "MIT"
    },
    "node_modules/@types/node": {
      "version": "24.0.14",
      "resolved": "https://registry.npmjs.org/@types/node/-/node-24.0.14.tgz",
      "integrity": "sha512-4zXMWD91vBLGRtHK3YbIoFMia+1nqEz72coM42C5ETjnNCa/heoj7NT1G67iAfOqMmcfhuCZ4uNpyz8EjlAejw==",
      "dev": true,
      "license": "MIT",
      "dependencies": {
        "undici-types": "~7.8.0"
      }
    },
    "node_modules/char-code-at": {
      "version": "0.0.1",
      "resolved": "https://registry.npmjs.org/char-code-at/-/char-code-at-0.0.1.tgz",
      "integrity": "sha512-6IM7U5WSogetqAda2nicPjNBItOofZ/P+4Vcojv8ZHeMKPpO6GG69kINJ/yj1il5ns/Nh8e4Dqeo8tC57p53lQ==",
      "license": "MIT",
      "dependencies": {
        "@types/node": "^11.13.8",
        "commander": "^2.20.0"
      },
      "bin": {
        "char-code-at": "lib/char-code-at.js"
      }
    },
    "node_modules/char-code-at/node_modules/@types/node": {
      "version": "11.15.54",
      "resolved": "https://registry.npmjs.org/@types/node/-/node-11.15.54.tgz",
      "integrity": "sha512-1RWYiq+5UfozGsU6MwJyFX6BtktcT10XRjvcAQmskCtMcW3tPske88lM/nHv7BQG1w9KBXI1zPGuu5PnNCX14g==",
      "license": "MIT"
    },
    "node_modules/clz32": {
      "version": "1.0.1",
      "resolved": "https://registry.npmjs.org/clz32/-/clz32-1.0.1.tgz",
      "integrity": "sha512-IRMkBJnuSH6gWuVj79H0kcH1qxZW21sb0d6uvLqDlGLr1fAQGlV4l7ZtS7N3SqgSHp230OjwUAqJrCSgLzRK8w==",
      "license": "MIT",
      "engines": {
        "node": ">=0.10.0"
      }
    },
    "node_modules/commander": {
      "version": "2.20.3",
      "resolved": "https://registry.npmjs.org/commander/-/commander-2.20.3.tgz",
      "integrity": "sha512-GpVkmM8vF2vQUkj2LvZmD35JxeJOLCwJ9cUkugyk2nuhbv3+mJvpLYYt+0+USMxE+oj+ey/lJEnhZw75x/OMcQ==",
      "license": "MIT"
    },
    "node_modules/get-caller-file": {
      "version": "2.0.5",
      "resolved": "https://registry.npmjs.org/get-caller-file/-/get-caller-file-2.0.5.tgz",
      "integrity": "sha512-DyFP3BM/3YHTQOCUL/w0OZHR0lpKeGrxotcHWcqNEdnltqFwXVfhEBQ94eIo34AfQpo0rGki4cyIiftY06h2Fg==",
      "dev": true,
      "license": "ISC",
      "engines": {
        "node": "6.* || 8.* || >= 10.*"
      }
    },
    "node_modules/imul": {
      "version": "1.0.1",
      "resolved": "https://registry.npmjs.org/imul/-/imul-1.0.1.tgz",
      "integrity": "sha512-WFAgfwPLAjU66EKt6vRdTlKj4nAgIDQzh29JonLa4Bqtl6D8JrIMvWjCnx7xEjVNmP3U0fM5o8ZObk7d0f62bA==",
      "license": "MIT",
      "engines": {
        "node": ">=0.10.0"
      }
    },
    "node_modules/jsbi": {
      "version": "4.3.2",
      "resolved": "https://registry.npmjs.org/jsbi/-/jsbi-4.3.2.tgz",
      "integrity": "sha512-9fqMSQbhJykSeii05nxKl4m6Eqn2P6rOlYiS+C5Dr/HPIU/7yZxu5qzbs40tgaFORiw2Amd0mirjxatXYMkIew==",
      "license": "Apache-2.0"
    },
    "node_modules/jsbi-tests": {
      "version": "3.1.2",
      "resolved": "https://registry.npmjs.org/jsbi-tests/-/jsbi-tests-3.1.2.tgz",
      "integrity": "sha512-c5sbdDi0hzAMwJ4YnG7PGx92i4anpLbo/mwODxiImz1Q4lnbTUVoVEsrqUzSjv/LBNoNDVE6HJlK+r09OeQLCA==",
      "dev": true,
      "license": "Apache-2.0"
    },
    "node_modules/max-safe-integer": {
      "version": "1.0.1",
      "resolved": "https://registry.npmjs.org/max-safe-integer/-/max-safe-integer-1.0.1.tgz",
      "integrity": "sha512-CHZ/Nopqh46UtA0YvLclxj9F95qExLmTnMS5fnYlXvX4zj1RUOC3cPaGEOMhdPE8SSudSQ6wkQUJLA5E/WeL4A==",
      "license": "MIT",
      "engines": {
        "node": ">=0.10.0"
      }
    },
    "node_modules/mock-require-lazy": {
      "version": "2.0.3",
      "resolved": "https://registry.npmjs.org/mock-require-lazy/-/mock-require-lazy-2.0.3.tgz",
      "integrity": "sha512-8dNA8ngq7THY8z29MRD9Bj1FVZm831UXPz13X4LLSUWirbuLWJZoi+NflB5qZrlgitoHwIaCMoBU8x8X/mqEjg==",
      "dev": true,
      "license": "MIT",
      "dependencies": {
        "get-caller-file": "*",
        "normalize-path": "*"
      },
      "engines": {
        "node": ">=0.8"
      }
    },
    "node_modules/normalize-path": {
      "version": "3.0.0",
      "resolved": "https://registry.npmjs.org/normalize-path/-/normalize-path-3.0.0.tgz",
      "integrity": "sha512-6eZs5Ls3WtCisHWp9S2GUy8dqkpGi4BVSz3GaqiE6ezub0512ESztXUwUB6C6IKbQkY2Pnb/mD4WYojCRwcwLA==",
      "dev": true,
      "license": "MIT",
      "engines": {
        "node": ">=0.10.0"
      }
    },
    "node_modules/setprototypeof": {
      "version": "1.2.0",
      "resolved": "https://registry.npmjs.org/setprototypeof/-/setprototypeof-1.2.0.tgz",
      "integrity": "sha512-E5LDX7Wrp85Kil5bhZv46j8jOeboKq5JMmYM3gVGdGH8xFpPWXUMsNrlODCrkoxMEeNi/XZIwuRvY4XNwYMJpw==",
      "license": "ISC"
    },
    "node_modules/undici-types": {
      "version": "7.8.0",
      "resolved": "https://registry.npmjs.org/undici-types/-/undici-types-7.8.0.tgz",
      "integrity": "sha512-9UJ2xGDvQ43tYyVMpuHlsgApydB8ZKfVYTsLDhXkFL/6gfkp+U8xTGdh8pMJv1SpZna0zxG1DwsKZsreLbXBxw==",
      "dev": true,
      "license": "MIT"
    }
  }
}
